
Microsoft Visual Studio Solution File, Format Version 12.00
# Visual Studio Version 17
VisualStudioVersion = 17.14.36301.6 d17.14
MinimumVisualStudioVersion = 10.0.40219.1
Project("{FAE04EC0-301F-11D3-BF4B-00C04F79EFBC}") = "CadastroDeAlunos", "CadastroDeAlunos.csproj", "{64A30F7F-9938-4440-AC91-19239A36B003}"
EndProject
Global
	GlobalSection(SolutionConfigurationPlatforms) = preSolution
		Debug|Any CPU = Debug|Any CPU
		Release|Any CPU = Release|Any CPU
	EndGlobalSection
	GlobalSection(ProjectConfigurationPlatforms) = postSolution
		{64A30F7F-9938-4440-AC91-19239A36B003}.Debug|Any CPU.ActiveCfg = Debug|Any CPU
		{64A30F7F-9938-4440-AC91-19239A36B003}.Debug|Any CPU.Build.0 = Debug|Any CPU
		{64A30F7F-9938-4440-AC91-19239A36B003}.Release|Any CPU.ActiveCfg = Release|Any CPU
		{64A30F7F-9938-4440-AC91-19239A36B003}.Release|Any CPU.Build.0 = Release|Any CPU
	EndGlobalSection
	GlobalSection(SolutionProperties) = preSolution
		HideSolutionNode = FALSE
	EndGlobalSection
	GlobalSection(ExtensibilityGlobals) = postSolution
		SolutionGuid = {CF2922C2-3CC0-4965-9FE7-6416DEF72BA1}
	EndGlobalSection
EndGlobal
