
Microsoft Visual Studio Solution File, Format Version 12.00
# Visual Studio Version 17
VisualStudioVersion = 17.14.36301.6 d17.14
MinimumVisualStudioVersion = 10.0.40219.1
Project("{FAE04EC0-301F-11D3-BF4B-00C04F79EFBC}") = "calculadoraDoWindows.cs", "calculadoraDoWindows.cs.csproj", "{B37EFDBF-7BE5-4E19-AFC6-6CEFDC916496}"
EndProject
Global
	GlobalSection(SolutionConfigurationPlatforms) = preSolution
		Debug|Any CPU = Debug|Any CPU
		Release|Any CPU = Release|Any CPU
	EndGlobalSection
	GlobalSection(ProjectConfigurationPlatforms) = postSolution
		{B37EFDBF-7BE5-4E19-AFC6-6CEFDC916496}.Debug|Any CPU.ActiveCfg = Debug|Any CPU
		{B37EFDBF-7BE5-4E19-AFC6-6CEFDC916496}.Debug|Any CPU.Build.0 = Debug|Any CPU
		{B37EFDBF-7BE5-4E19-AFC6-6CEFDC916496}.Release|Any CPU.ActiveCfg = Release|Any CPU
		{B37EFDBF-7BE5-4E19-AFC6-6CEFDC916496}.Release|Any CPU.Build.0 = Release|Any CPU
	EndGlobalSection
	GlobalSection(SolutionProperties) = preSolution
		HideSolutionNode = FALSE
	EndGlobalSection
	GlobalSection(ExtensibilityGlobals) = postSolution
		SolutionGuid = {A8A69852-82EB-467C-B10C-951B7A5F0AE4}
	EndGlobalSection
EndGlobal
